// !$*UTF8*$!
{
	archiveVersion = 1;
	classes = {
	};
	objectVersion = 77;
	objects = {

/* Begin PBXContainerItemProxy section */
		2719E9162D49989800C94913 /* PBXContainerItemProxy */ = {
			isa = PBXContainerItemProxy;
			containerPortal = 2719E8FD2D49989600C94913 /* Project object */;
			proxyType = 1;
			remoteGlobalIDString = 2719E9042D49989600C94913;
			remoteInfo = SlackClone;
		};
		2719E9202D49989800C94913 /* PBXContainerItemProxy */ = {
			isa = PBXContainerItemProxy;
			containerPortal = 2719E8FD2D49989600C94913 /* Project object */;
			proxyType = 1;
			remoteGlobalIDString = 2719E9042D49989600C94913;
			remoteInfo = SlackClone;
		};
/* End PBXContainerItemProxy section */

/* Begin PBXFileReference section */
		2719E9052D49989600C94913 /* SlackClone.app */ = {isa = PBXFileReference; explicitFileType = wrapper.application; includeInIndex = 0; path = SlackClone.app; sourceTree = BUILT_PRODUCTS_DIR; };
		2719E9152D49989800C94913 /* SlackCloneTests.xctest */ = {isa = PBXFileReference; explicitFileType = wrapper.cfbundle; includeInIndex = 0; path = SlackCloneTests.xctest; sourceTree = BUILT_PRODUCTS_DIR; };
		2719E91F2D49989800C94913 /* SlackCloneUITests.xctest */ = {isa = PBXFileReference; explicitFileType = wrapper.cfbundle; includeInIndex = 0; path = SlackCloneUITests.xctest; sourceTree = BUILT_PRODUCTS_DIR; };
/* End PBXFileReference section */

/* Begin PBXFileSystemSynchronizedBuildFileExceptionSet section */
		2719E9402D49CAC300C94913 /* Exceptions for "SlackClone" folder in "SlackClone" target */ = {
			isa = PBXFileSystemSynchronizedBuildFileExceptionSet;
			membershipExceptions = (
				Info.plist,
			);
			target = 2719E9042D49989600C94913 /* SlackClone */;
		};
		27A5DA892D49ED3700472052 /* Exceptions for "SlackClone" folder in "SlackCloneTests" target */ = {
			isa = PBXFileSystemSynchronizedBuildFileExceptionSet;
			membershipExceptions = (
				"Fonts/Lato/Lato-Black.ttf",
				"Fonts/Lato/Lato-BlackItalic.ttf",
				"Fonts/Lato/Lato-Bold.ttf",
				"Fonts/Lato/Lato-BoldItalic.ttf",
				"Fonts/Lato/Lato-Italic.ttf",
				"Fonts/Lato/Lato-Light.ttf",
				"Fonts/Lato/Lato-LightItalic.ttf",
				"Fonts/Lato/Lato-Regular.ttf",
				"Fonts/Lato/Lato-Thin.ttf",
				"Fonts/Lato/Lato-ThinItalic.ttf",
			);
			target = 2719E9142D49989800C94913 /* SlackCloneTests */;
		};
		27A5DA8A2D49ED3700472052 /* Exceptions for "SlackClone" folder in "SlackCloneUITests" target */ = {
			isa = PBXFileSystemSynchronizedBuildFileExceptionSet;
			membershipExceptions = (
				"Fonts/Lato/Lato-Black.ttf",
				"Fonts/Lato/Lato-BlackItalic.ttf",
				"Fonts/Lato/Lato-Bold.ttf",
				"Fonts/Lato/Lato-BoldItalic.ttf",
				"Fonts/Lato/Lato-Italic.ttf",
				"Fonts/Lato/Lato-Light.ttf",
				"Fonts/Lato/Lato-LightItalic.ttf",
				"Fonts/Lato/Lato-Regular.ttf",
				"Fonts/Lato/Lato-Thin.ttf",
				"Fonts/Lato/Lato-ThinItalic.ttf",
			);
			target = 2719E91E2D49989800C94913 /* SlackCloneUITests */;
		};
/* End PBXFileSystemSynchronizedBuildFileExceptionSet section */

/* Begin PBXFileSystemSynchronizedRootGroup section */
		2719E9072D49989600C94913 /* SlackClone */ = {
			isa = PBXFileSystemSynchronizedRootGroup;
			exceptions = (
				2719E9402D49CAC300C94913 /* Exceptions for "SlackClone" folder in "SlackClone" target */,
				27A5DA892D49ED3700472052 /* Exceptions for "SlackClone" folder in "SlackCloneTests" target */,
				27A5DA8A2D49ED3700472052 /* Exceptions for "SlackClone" folder in "SlackCloneUITests" target */,
			);
			path = SlackClone;
			sourceTree = "<group>";
		};
		2719E9182D49989800C94913 /* SlackCloneTests */ = {
			isa = PBXFileSystemSynchronizedRootGroup;
			path = SlackCloneTests;
			sourceTree = "<group>";
		};
		2719E9222D49989800C94913 /* SlackCloneUITests */ = {
			isa = PBXFileSystemSynchronizedRootGroup;
			path = SlackCloneUITests;
			sourceTree = "<group>";
		};
/* End PBXFileSystemSynchronizedRootGroup section */

/* Begin PBXFrameworksBuildPhase section */
		2719E9022D49989600C94913 /* Frameworks */ = {
			isa = PBXFrameworksBuildPhase;
			buildActionMask = 2147483647;
			files = (
			);
			runOnlyForDeploymentPostprocessing = 0;
		};
		2719E9122D49989800C94913 /* Frameworks */ = {
			isa = PBXFrameworksBuildPhase;
			buildActionMask = 2147483647;
			files = (
			);
			runOnlyForDeploymentPostprocessing = 0;
		};
		2719E91C2D49989800C94913 /* Frameworks */ = {
			isa = PBXFrameworksBuildPhase;
			buildActionMask = 2147483647;
			files = (
			);
			runOnlyForDeploymentPostprocessing = 0;
		};
/* End PBXFrameworksBuildPhase section */

/* Begin PBXGroup section */
		2719E8FC2D49989600C94913 = {
			isa = PBXGroup;
			children = (
				2719E9072D49989600C94913 /* SlackClone */,
				2719E9182D49989800C94913 /* SlackCloneTests */,
				2719E9222D49989800C94913 /* SlackCloneUITests */,
				2719E9062D49989600C94913 /* Products */,
			);
			sourceTree = "<group>";
		};
		2719E9062D49989600C94913 /* Products */ = {
			isa = PBXGroup;
			children = (
				2719E9052D49989600C94913 /* SlackClone.app */,
				2719E9152D49989800C94913 /* SlackCloneTests.xctest */,
				2719E91F2D49989800C94913 /* SlackCloneUITests.xctest */,
			);
			name = Products;
			sourceTree = "<group>";
		};
/* End PBXGroup section */

/* Begin PBXNativeTarget section */
		2719E9042D49989600C94913 /* SlackClone */ = {
			isa = PBXNativeTarget;
			buildConfigurationList = 2719E9292D49989800C94913 /* Build configuration list for PBXNativeTarget "SlackClone" */;
			buildPhases = (
				2719E9012D49989600C94913 /* Sources */,
				2719E9022D49989600C94913 /* Frameworks */,
				2719E9032D49989600C94913 /* Resources */,
			);
			buildRules = (
			);
			dependencies = (
			);
			fileSystemSynchronizedGroups = (
				2719E9072D49989600C94913 /* SlackClone */,
			);
			name = SlackClone;
			packageProductDependencies = (
			);
			productName = SlackClone;
			productReference = 2719E9052D49989600C94913 /* SlackClone.app */;
			productType = "com.apple.product-type.application";
		};
		2719E9142D49989800C94913 /* SlackCloneTests */ = {
			isa = PBXNativeTarget;
			buildConfigurationList = 2719E92C2D49989800C94913 /* Build configuration list for PBXNativeTarget "SlackCloneTests" */;
			buildPhases = (
				2719E9112D49989800C94913 /* Sources */,
				2719E9122D49989800C94913 /* Frameworks */,
				2719E9132D49989800C94913 /* Resources */,
			);
			buildRules = (
			);
			dependencies = (
				2719E9172D49989800C94913 /* PBXTargetDependency */,
			);
			fileSystemSynchronizedGroups = (
				2719E9182D49989800C94913 /* SlackCloneTests */,
			);
			name = SlackCloneTests;
			packageProductDependencies = (
			);
			productName = SlackCloneTests;
			productReference = 2719E9152D49989800C94913 /* SlackCloneTests.xctest */;
			productType = "com.apple.product-type.bundle.unit-test";
		};
		2719E91E2D49989800C94913 /* SlackCloneUITests */ = {
			isa = PBXNativeTarget;
			buildConfigurationList = 2719E92F2D49989800C94913 /* Build configuration list for PBXNativeTarget "SlackCloneUITests" */;
			buildPhases = (
				2719E91B2D49989800C94913 /* Sources */,
				2719E91C2D49989800C94913 /* Frameworks */,
				2719E91D2D49989800C94913 /* Resources */,
			);
			buildRules = (
			);
			dependencies = (
				2719E9212D49989800C94913 /* PBXTargetDependency */,
			);
			fileSystemSynchronizedGroups = (
				2719E9222D49989800C94913 /* SlackCloneUITests */,
			);
			name = SlackCloneUITests;
			packageProductDependencies = (
			);
			productName = SlackCloneUITests;
			productReference = 2719E91F2D49989800C94913 /* SlackCloneUITests.xctest */;
			productType = "com.apple.product-type.bundle.ui-testing";
		};
/* End PBXNativeTarget section */

/* Begin PBXProject section */
		2719E8FD2D49989600C94913 /* Project object */ = {
			isa = PBXProject;
			attributes = {
				BuildIndependentTargetsInParallel = 1;
				LastSwiftUpdateCheck = 1620;
				LastUpgradeCheck = 1620;
				TargetAttributes = {
					2719E9042D49989600C94913 = {
						CreatedOnToolsVersion = 16.2;
					};
					2719E9142D49989800C94913 = {
						CreatedOnToolsVersion = 16.2;
						TestTargetID = 2719E9042D49989600C94913;
					};
					2719E91E2D49989800C94913 = {
						CreatedOnToolsVersion = 16.2;
						TestTargetID = 2719E9042D49989600C94913;
					};
				};
			};
			buildConfigurationList = 2719E9002D49989600C94913 /* Build configuration list for PBXProject "SlackClone" */;
			developmentRegion = en;
			hasScannedForEncodings = 0;
			knownRegions = (
				en,
				Base,
			);
			mainGroup = 2719E8FC2D49989600C94913;
			minimizedProjectReferenceProxies = 1;
			preferredProjectObjectVersion = 77;
			productRefGroup = 2719E9062D49989600C94913 /* Products */;
			projectDirPath = "";
			projectRoot = "";
			targets = (
				2719E9042D49989600C94913 /* SlackClone */,
				2719E9142D49989800C94913 /* SlackCloneTests */,
				2719E91E2D49989800C94913 /* SlackCloneUITests */,
			);
		};
/* End PBXProject section */

/* Begin PBXResourcesBuildPhase section */
		2719E9032D49989600C94913 /* Resources */ = {
			isa = PBXResourcesBuildPhase;
			buildActionMask = 2147483647;
			files = (
			);
			runOnlyForDeploymentPostprocessing = 0;
		};
		2719E9132D49989800C94913 /* Resources */ = {
			isa = PBXResourcesBuildPhase;
			buildActionMask = 2147483647;
			files = (
			);
			runOnlyForDeploymentPostprocessing = 0;
		};
		2719E91D2D49989800C94913 /* Resources */ = {
			isa = PBXResourcesBuildPhase;
			buildActionMask = 2147483647;
			files = (
			);
			runOnlyForDeploymentPostprocessing = 0;
		};
/* End PBXResourcesBuildPhase section */

/* Begin PBXSourcesBuildPhase section */
		2719E9012D49989600C94913 /* Sources */ = {
			isa = PBXSourcesBuildPhase;
			buildActionMask = 2147483647;
			files = (
			);
			runOnlyForDeploymentPostprocessing = 0;
		};
		2719E9112D49989800C94913 /* Sources */ = {
			isa = PBXSourcesBuildPhase;
			buildActionMask = 2147483647;
			files = (
			);
			runOnlyForDeploymentPostprocessing = 0;
		};
		2719E91B2D49989800C94913 /* Sources */ = {
			isa = PBXSourcesBuildPhase;
			buildActionMask = 2147483647;
			files = (
			);
			runOnlyForDeploymentPostprocessing = 0;
		};
/* End PBXSourcesBuildPhase section */

/* Begin PBXTargetDependency section */
		2719E9172D49989800C94913 /* PBXTargetDependency */ = {
			isa = PBXTargetDependency;
			target = 2719E9042D49989600C94913 /* SlackClone */;
			targetProxy = 2719E9162D49989800C94913 /* PBXContainerItemProxy */;
		};
		2719E9212D49989800C94913 /* PBXTargetDependency */ = {
			isa = PBXTargetDependency;
			target = 2719E9042D49989600C94913 /* SlackClone */;
			targetProxy = 2719E9202D49989800C94913 /* PBXContainerItemProxy */;
		};
/* End PBXTargetDependency section */

/* Begin XCBuildConfiguration section */
		2719E9272D49989800C94913 /* Debug */ = {
			isa = XCBuildConfiguration;
			buildSettings = {
				ALWAYS_SEARCH_USER_PATHS = NO;
				ASSETCATALOG_COMPILER_GENERATE_SWIFT_ASSET_SYMBOL_EXTENSIONS = YES;
				CLANG_ANALYZER_NONNULL = YES;
				CLANG_ANALYZER_NUMBER_OBJECT_CONVERSION = YES_AGGRESSIVE;
				CLANG_CXX_LANGUAGE_STANDARD = "gnu++20";
				CLANG_ENABLE_MODULES = YES;
				CLANG_ENABLE_OBJC_ARC = YES;
				CLANG_ENABLE_OBJC_WEAK = YES;
				CLANG_WARN_BLOCK_CAPTURE_AUTORELEASING = YES;
				CLANG_WARN_BOOL_CONVERSION = YES;
				CLANG_WARN_COMMA = YES;
				CLANG_WARN_CONSTANT_CONVERSION = YES;
				CLANG_WARN_DEPRECATED_OBJC_IMPLEMENTATIONS = YES;
				CLANG_WARN_DIRECT_OBJC_ISA_USAGE = YES_ERROR;
				CLANG_WARN_DOCUMENTATION_COMMENTS = YES;
				CLANG_WARN_EMPTY_BODY = YES;
				CLANG_WARN_ENUM_CONVERSION = YES;
				CLANG_WARN_INFINITE_RECURSION = YES;
				CLANG_WARN_INT_CONVERSION = YES;
				CLANG_WARN_NON_LITERAL_NULL_CONVERSION = YES;
				CLANG_WARN_OBJC_IMPLICIT_RETAIN_SELF = YES;
				CLANG_WARN_OBJC_LITERAL_CONVERSION = YES;
				CLANG_WARN_OBJC_ROOT_CLASS = YES_ERROR;
				CLANG_WARN_QUOTED_INCLUDE_IN_FRAMEWORK_HEADER = YES;
				CLANG_WARN_RANGE_LOOP_ANALYSIS = YES;
				CLANG_WARN_STRICT_PROTOTYPES = YES;
				CLANG_WARN_SUSPICIOUS_MOVE = YES;
				CLANG_WARN_UNGUARDED_AVAILABILITY = YES_AGGRESSIVE;
				CLANG_WARN_UNREACHABLE_CODE = YES;
				CLANG_WARN__DUPLICATE_METHOD_MATCH = YES;
				COPY_PHASE_STRIP = NO;
				DEBUG_INFORMATION_FORMAT = dwarf;
				ENABLE_STRICT_OBJC_MSGSEND = YES;
				ENABLE_TESTABILITY = YES;
				ENABLE_USER_SCRIPT_SANDBOXING = YES;
				GCC_C_LANGUAGE_STANDARD = gnu17;
				GCC_DYNAMIC_NO_PIC = NO;
				GCC_NO_COMMON_BLOCKS = YES;
				GCC_OPTIMIZATION_LEVEL = 0;
				GCC_PREPROCESSOR_DEFINITIONS = (
					"DEBUG=1",
					"$(inherited)",
				);
				GCC_WARN_64_TO_32_BIT_CONVERSION = YES;
				GCC_WARN_ABOUT_RETURN_TYPE = YES_ERROR;
				GCC_WARN_UNDECLARED_SELECTOR = YES;
				GCC_WARN_UNINITIALIZED_AUTOS = YES_AGGRESSIVE;
				GCC_WARN_UNUSED_FUNCTION = YES;
				GCC_WARN_UNUSED_VARIABLE = YES;
				IPHONEOS_DEPLOYMENT_TARGET = 18.2;
				LOCALIZATION_PREFERS_STRING_CATALOGS = YES;
				MTL_ENABLE_DEBUG_INFO = INCLUDE_SOURCE;
				MTL_FAST_MATH = YES;
				ONLY_ACTIVE_ARCH = YES;
				SDKROOT = iphoneos;
				SWIFT_ACTIVE_COMPILATION_CONDITIONS = "DEBUG $(inherited)";
				SWIFT_OPTIMIZATION_LEVEL = "-Onone";
			};
			name = Debug;
		};
		2719E9282D49989800C94913 /* Release */ = {
			isa = XCBuildConfiguration;
			buildSettings = {
				ALWAYS_SEARCH_USER_PATHS = NO;
				ASSETCATALOG_COMPILER_GENERATE_SWIFT_ASSET_SYMBOL_EXTENSIONS = YES;
				CLANG_ANALYZER_NONNULL = YES;
				CLANG_ANALYZER_NUMBER_OBJECT_CONVERSION = YES_AGGRESSIVE;
				CLANG_CXX_LANGUAGE_STANDARD = "gnu++20";
				CLANG_ENABLE_MODULES = YES;
				CLANG_ENABLE_OBJC_ARC = YES;
				CLANG_ENABLE_OBJC_WEAK = YES;
				CLANG_WARN_BLOCK_CAPTURE_AUTORELEASING = YES;
				CLANG_WARN_BOOL_CONVERSION = YES;
				CLANG_WARN_COMMA = YES;
				CLANG_WARN_CONSTANT_CONVERSION = YES;
				CLANG_WARN_DEPRECATED_OBJC_IMPLEMENTATIONS = YES;
				CLANG_WARN_DIRECT_OBJC_ISA_USAGE = YES_ERROR;
				CLANG_WARN_DOCUMENTATION_COMMENTS = YES;
				CLANG_WARN_EMPTY_BODY = YES;
				CLANG_WARN_ENUM_CONVERSION = YES;
				CLANG_WARN_INFINITE_RECURSION = YES;
				CLANG_WARN_INT_CONVERSION = YES;
				CLANG_WARN_NON_LITERAL_NULL_CONVERSION = YES;
				CLANG_WARN_OBJC_IMPLICIT_RETAIN_SELF = YES;
				CLANG_WARN_OBJC_LITERAL_CONVERSION = YES;
				CLANG_WARN_OBJC_ROOT_CLASS = YES_ERROR;
				CLANG_WARN_QUOTED_INCLUDE_IN_FRAMEWORK_HEADER = YES;
				CLANG_WARN_RANGE_LOOP_ANALYSIS = YES;
				CLANG_WARN_STRICT_PROTOTYPES = YES;
				CLANG_WARN_SUSPICIOUS_MOVE = YES;
				CLANG_WARN_UNGUARDED_AVAILABILITY = YES_AGGRESSIVE;
				CLANG_WARN_UNREACHABLE_CODE = YES;
				CLANG_WARN__DUPLICATE_METHOD_MATCH = YES;
				COPY_PHASE_STRIP = NO;
				DEBUG_INFORMATION_FORMAT = "dwarf-with-dsym";
				ENABLE_NS_ASSERTIONS = NO;
				ENABLE_STRICT_OBJC_MSGSEND = YES;
				ENABLE_USER_SCRIPT_SANDBOXING = YES;
				GCC_C_LANGUAGE_STANDARD = gnu17;
				GCC_NO_COMMON_BLOCKS = YES;
				GCC_WARN_64_TO_32_BIT_CONVERSION = YES;
				GCC_WARN_ABOUT_RETURN_TYPE = YES_ERROR;
				GCC_WARN_UNDECLARED_SELECTOR = YES;
				GCC_WARN_UNINITIALIZED_AUTOS = YES_AGGRESSIVE;
				GCC_WARN_UNUSED_FUNCTION = YES;
				GCC_WARN_UNUSED_VARIABLE = YES;
				IPHONEOS_DEPLOYMENT_TARGET = 18.2;
				LOCALIZATION_PREFERS_STRING_CATALOGS = YES;
				MTL_ENABLE_DEBUG_INFO = NO;
				MTL_FAST_MATH = YES;
				SDKROOT = iphoneos;
				SWIFT_COMPILATION_MODE = wholemodule;
				VALIDATE_PRODUCT = YES;
			};
			name = Release;
		};
		2719E92A2D49989800C94913 /* Debug */ = {
			isa = XCBuildConfiguration;
			buildSettings = {
				ASSETCATALOG_COMPILER_APPICON_NAME = AppIcon;
				ASSETCATALOG_COMPILER_GLOBAL_ACCENT_COLOR_NAME = AccentColor;
				CODE_SIGN_STYLE = Automatic;
				CURRENT_PROJECT_VERSION = 1;
				DEVELOPMENT_ASSET_PATHS = "\"SlackClone/Preview Content\"";
				DEVELOPMENT_TEAM = Z2PMD2SJR7;
				ENABLE_PREVIEWS = YES;
				GENERATE_INFOPLIST_FILE = YES;
				INFOPLIST_FILE = SlackClone/Info.plist;
				INFOPLIST_KEY_UIApplicationSceneManifest_Generation = YES;
				INFOPLIST_KEY_UIApplicationSupportsIndirectInputEvents = YES;
				INFOPLIST_KEY_UILaunchScreen_Generation = YES;
				INFOPLIST_KEY_UISupportedInterfaceOrientations_iPad = "UIInterfaceOrientationPortrait UIInterfaceOrientationPortraitUpsideDown UIInterfaceOrientationLandscapeLeft UIInterfaceOrientationLandscapeRight";
				INFOPLIST_KEY_UISupportedInterfaceOrientations_iPhone = "UIInterfaceOrientationPortrait UIInterfaceOrientationLandscapeLeft UIInterfaceOrientationLandscapeRight";
				LD_RUNPATH_SEARCH_PATHS = (
					"$(inherited)",
					"@executable_path/Frameworks",
				);
				MARKETING_VERSION = 1.0;
				PRODUCT_BUNDLE_IDENTIFIER = kyle.SlackClone;
				PRODUCT_NAME = "$(TARGET_NAME)";
				SWIFT_EMIT_LOC_STRINGS = YES;
				SWIFT_VERSION = 5.0;
				TARGETED_DEVICE_FAMILY = "1,2";
			};
			name = Debug;
		};
		2719E92B2D49989800C94913 /* Release */ = {
			isa = XCBuildConfiguration;
			buildSettings = {
				ASSETCATALOG_COMPILER_APPICON_NAME = AppIcon;
				ASSETCATALOG_COMPILER_GLOBAL_ACCENT_COLOR_NAME = AccentColor;
				CODE_SIGN_STYLE = Automatic;
				CURRENT_PROJECT_VERSION = 1;
				DEVELOPMENT_ASSET_PATHS = "\"SlackClone/Preview Content\"";
				DEVELOPMENT_TEAM = Z2PMD2SJR7;
				ENABLE_PREVIEWS = YES;
				GENERATE_INFOPLIST_FILE = YES;
				INFOPLIST_FILE = SlackClone/Info.plist;
				INFOPLIST_KEY_UIApplicationSceneManifest_Generation = YES;
				INFOPLIST_KEY_UIApplicationSupportsIndirectInputEvents = YES;
				INFOPLIST_KEY_UILaunchScreen_Generation = YES;
				INFOPLIST_KEY_UISupportedInterfaceOrientations_iPad = "UIInterfaceOrientationPortrait UIInterfaceOrientationPortraitUpsideDown UIInterfaceOrientationLandscapeLeft UIInterfaceOrientationLandscapeRight";
				INFOPLIST_KEY_UISupportedInterfaceOrientations_iPhone = "UIInterfaceOrientationPortrait UIInterfaceOrientationLandscapeLeft UIInterfaceOrientationLandscapeRight";
				LD_RUNPATH_SEARCH_PATHS = (
					"$(inherited)",
					"@executable_path/Frameworks",
				);
				MARKETING_VERSION = 1.0;
				PRODUCT_BUNDLE_IDENTIFIER = kyle.SlackClone;
				PRODUCT_NAME = "$(TARGET_NAME)";
				SWIFT_EMIT_LOC_STRINGS = YES;
				SWIFT_VERSION = 5.0;
				TARGETED_DEVICE_FAMILY = "1,2";
			};
			name = Release;
		};
		2719E92D2D49989800C94913 /* Debug */ = {
			isa = XCBuildConfiguration;
			buildSettings = {
				BUNDLE_LOADER = "$(TEST_HOST)";
				CODE_SIGN_STYLE = Automatic;
				CURRENT_PROJECT_VERSION = 1;
				DEVELOPMENT_TEAM = Z2PMD2SJR7;
				GENERATE_INFOPLIST_FILE = YES;
				IPHONEOS_DEPLOYMENT_TARGET = 18.2;
				MARKETING_VERSION = 1.0;
				PRODUCT_BUNDLE_IDENTIFIER = kyle.SlackCloneTests;
				PRODUCT_NAME = "$(TARGET_NAME)";
				SWIFT_EMIT_LOC_STRINGS = NO;
				SWIFT_VERSION = 5.0;
				TARGETED_DEVICE_FAMILY = "1,2";
				TEST_HOST = "$(BUILT_PRODUCTS_DIR)/SlackClone.app/$(BUNDLE_EXECUTABLE_FOLDER_PATH)/SlackClone";
			};
			name = Debug;
		};
		2719E92E2D49989800C94913 /* Release */ = {
			isa = XCBuildConfiguration;
			buildSettings = {
				BUNDLE_LOADER = "$(TEST_HOST)";
				CODE_SIGN_STYLE = Automatic;
				CURRENT_PROJECT_VERSION = 1;
				DEVELOPMENT_TEAM = Z2PMD2SJR7;
				GENERATE_INFOPLIST_FILE = YES;
				IPHONEOS_DEPLOYMENT_TARGET = 18.2;
				MARKETING_VERSION = 1.0;
				PRODUCT_BUNDLE_IDENTIFIER = kyle.SlackCloneTests;
				PRODUCT_NAME = "$(TARGET_NAME)";
				SWIFT_EMIT_LOC_STRINGS = NO;
				SWIFT_VERSION = 5.0;
				TARGETED_DEVICE_FAMILY = "1,2";
				TEST_HOST = "$(BUILT_PRODUCTS_DIR)/SlackClone.app/$(BUNDLE_EXECUTABLE_FOLDER_PATH)/SlackClone";
			};
			name = Release;
		};
		2719E9302D49989800C94913 /* Debug */ = {
			isa = XCBuildConfiguration;
			buildSettings = {
				CODE_SIGN_STYLE = Automatic;
				CURRENT_PROJECT_VERSION = 1;
				DEVELOPMENT_TEAM = Z2PMD2SJR7;
				GENERATE_INFOPLIST_FILE = YES;
				MARKETING_VERSION = 1.0;
				PRODUCT_BUNDLE_IDENTIFIER = kyle.SlackCloneUITests;
				PRODUCT_NAME = "$(TARGET_NAME)";
				SWIFT_EMIT_LOC_STRINGS = NO;
				SWIFT_VERSION = 5.0;
				TARGETED_DEVICE_FAMILY = "1,2";
				TEST_TARGET_NAME = SlackClone;
			};
			name = Debug;
		};
		2719E9312D49989800C94913 /* Release */ = {
			isa = XCBuildConfiguration;
			buildSettings = {
				CODE_SIGN_STYLE = Automatic;
				CURRENT_PROJECT_VERSION = 1;
				DEVELOPMENT_TEAM = Z2PMD2SJR7;
				GENERATE_INFOPLIST_FILE = YES;
				MARKETING_VERSION = 1.0;
				PRODUCT_BUNDLE_IDENTIFIER = kyle.SlackCloneUITests;
				PRODUCT_NAME = "$(TARGET_NAME)";
				SWIFT_EMIT_LOC_STRINGS = NO;
				SWIFT_VERSION = 5.0;
				TARGETED_DEVICE_FAMILY = "1,2";
				TEST_TARGET_NAME = SlackClone;
			};
			name = Release;
		};
/* End XCBuildConfiguration section */

/* Begin XCConfigurationList section */
		2719E9002D49989600C94913 /* Build configuration list for PBXProject "SlackClone" */ = {
			isa = XCConfigurationList;
			buildConfigurations = (
				2719E9272D49989800C94913 /* Debug */,
				2719E9282D49989800C94913 /* Release */,
			);
			defaultConfigurationIsVisible = 0;
			defaultConfigurationName = Release;
		};
		2719E9292D49989800C94913 /* Build configuration list for PBXNativeTarget "SlackClone" */ = {
			isa = XCConfigurationList;
			buildConfigurations = (
				2719E92A2D49989800C94913 /* Debug */,
				2719E92B2D49989800C94913 /* Release */,
			);
			defaultConfigurationIsVisible = 0;
			defaultConfigurationName = Release;
		};
		2719E92C2D49989800C94913 /* Build configuration list for PBXNativeTarget "SlackCloneTests" */ = {
			isa = XCConfigurationList;
			buildConfigurations = (
				2719E92D2D49989800C94913 /* Debug */,
				2719E92E2D49989800C94913 /* Release */,
			);
			defaultConfigurationIsVisible = 0;
			defaultConfigurationName = Release;
		};
		2719E92F2D49989800C94913 /* Build configuration list for PBXNativeTarget "SlackCloneUITests" */ = {
			isa = XCConfigurationList;
			buildConfigurations = (
				2719E9302D49989800C94913 /* Debug */,
				2719E9312D49989800C94913 /* Release */,
			);
			defaultConfigurationIsVisible = 0;
			defaultConfigurationName = Release;
		};
/* End XCConfigurationList section */
	};
	rootObject = 2719E8FD2D49989600C94913 /* Project object */;
}
